
Microsoft Visual Studio Solution File, Format Version 12.00
# Blend for Visual Studio 15
VisualStudioVersion = 15.0.28307.902
MinimumVisualStudioVersion = 10.0.40219.1
Project("{8BC9CEB8-8B4A-11D0-8D11-00A0C91BC942}") = "yomiage001", "yomiage001\yomiage001.vcxproj", "{7FC74C5C-4E8C-4AFC-A71E-A20A24F5DD61}"
EndProject
Global
	GlobalSection(SolutionConfigurationPlatforms) = preSolution
		Debug|x64 = Debug|x64
		Debug|x86 = Debug|x86
		Release|x64 = Release|x64
		Release|x86 = Release|x86
	EndGlobalSection
	GlobalSection(ProjectConfigurationPlatforms) = postSolution
		{7FC74C5C-4E8C-4AFC-A71E-A20A24F5DD61}.Debug|x64.ActiveCfg = Debug|x64
		{7FC74C5C-4E8C-4AFC-A71E-A20A24F5DD61}.Debug|x64.Build.0 = Debug|x64
		{7FC74C5C-4E8C-4AFC-A71E-A20A24F5DD61}.Debug|x86.ActiveCfg = Debug|Win32
		{7FC74C5C-4E8C-4AFC-A71E-A20A24F5DD61}.Debug|x86.Build.0 = Debug|Win32
		{7FC74C5C-4E8C-4AFC-A71E-A20A24F5DD61}.Release|x64.ActiveCfg = Release|x64
		{7FC74C5C-4E8C-4AFC-A71E-A20A24F5DD61}.Release|x64.Build.0 = Release|x64
		{7FC74C5C-4E8C-4AFC-A71E-A20A24F5DD61}.Release|x86.ActiveCfg = Release|Win32
		{7FC74C5C-4E8C-4AFC-A71E-A20A24F5DD61}.Release|x86.Build.0 = Release|Win32
	EndGlobalSection
	GlobalSection(SolutionProperties) = preSolution
		HideSolutionNode = FALSE
	EndGlobalSection
	GlobalSection(ExtensibilityGlobals) = postSolution
		SolutionGuid = {F4D42B7F-C567-4922-B399-2ABAFCF876C6}
	EndGlobalSection
EndGlobal
